
Microsoft Visual Studio Solution File, Format Version 12.00
# Visual Studio Version 17
VisualStudioVersion = 17.0.31903.59
MinimumVisualStudioVersion = 10.0.40219.1
Project("{2150E333-8FDC-42A3-9474-1A3956D46DE8}") = "2024", "2024", "{2AA76788-628E-4872-B6D6-8F49C63E1CAB}"
EndProject
Project("{FAE04EC0-301F-11D3-BF4B-00C04F79EFBC}") = "Day01", "2024\Day01\Day01.csproj", "{6AD6AC03-C3E6-4783-9696-7BB13721B46E}"
EndProject
Project("{FAE04EC0-301F-11D3-BF4B-00C04F79EFBC}") = "Day02", "2024\Day02\Day02.csproj", "{75092FF6-0F79-4107-9C86-CD26CE0233A0}"
EndProject
Project("{FAE04EC0-301F-11D3-BF4B-00C04F79EFBC}") = "Day03", "Day03\Day03.csproj", "{335DE2AD-E1C4-4CE9-BE6F-A4C8C6DB281D}"
EndProject
Global
	GlobalSection(SolutionConfigurationPlatforms) = preSolution
		Debug|Any CPU = Debug|Any CPU
		Release|Any CPU = Release|Any CPU
	EndGlobalSection
	GlobalSection(SolutionProperties) = preSolution
		HideSolutionNode = FALSE
	EndGlobalSection
	GlobalSection(ProjectConfigurationPlatforms) = postSolution
		{6AD6AC03-C3E6-4783-9696-7BB13721B46E}.Debug|Any CPU.ActiveCfg = Debug|Any CPU
		{6AD6AC03-C3E6-4783-9696-7BB13721B46E}.Debug|Any CPU.Build.0 = Debug|Any CPU
		{6AD6AC03-C3E6-4783-9696-7BB13721B46E}.Release|Any CPU.ActiveCfg = Release|Any CPU
		{6AD6AC03-C3E6-4783-9696-7BB13721B46E}.Release|Any CPU.Build.0 = Release|Any CPU
		{75092FF6-0F79-4107-9C86-CD26CE0233A0}.Debug|Any CPU.ActiveCfg = Debug|Any CPU
		{75092FF6-0F79-4107-9C86-CD26CE0233A0}.Debug|Any CPU.Build.0 = Debug|Any CPU
		{75092FF6-0F79-4107-9C86-CD26CE0233A0}.Release|Any CPU.ActiveCfg = Release|Any CPU
		{75092FF6-0F79-4107-9C86-CD26CE0233A0}.Release|Any CPU.Build.0 = Release|Any CPU
		{335DE2AD-E1C4-4CE9-BE6F-A4C8C6DB281D}.Debug|Any CPU.ActiveCfg = Debug|Any CPU
		{335DE2AD-E1C4-4CE9-BE6F-A4C8C6DB281D}.Debug|Any CPU.Build.0 = Debug|Any CPU
		{335DE2AD-E1C4-4CE9-BE6F-A4C8C6DB281D}.Release|Any CPU.ActiveCfg = Release|Any CPU
		{335DE2AD-E1C4-4CE9-BE6F-A4C8C6DB281D}.Release|Any CPU.Build.0 = Release|Any CPU
	EndGlobalSection
	GlobalSection(NestedProjects) = preSolution
		{6AD6AC03-C3E6-4783-9696-7BB13721B46E} = {2AA76788-628E-4872-B6D6-8F49C63E1CAB}
		{75092FF6-0F79-4107-9C86-CD26CE0233A0} = {2AA76788-628E-4872-B6D6-8F49C63E1CAB}
		{335DE2AD-E1C4-4CE9-BE6F-A4C8C6DB281D} = {2AA76788-628E-4872-B6D6-8F49C63E1CAB}
	EndGlobalSection
EndGlobal
